
Microsoft Visual Studio Solution File, Format Version 12.00
# Visual Studio 2012
Project("{FAE04EC0-301F-11D3-BF4B-00C04F79EFBC}") = "hangfire", "hangfire\hangfire.csproj", "{2A54D7AC-1D11-4B23-9CBE-9AE48457B71F}"
EndProject
Project("{FAE04EC0-301F-11D3-BF4B-00C04F79EFBC}") = "Application", "Application\Application.csproj", "{3EC66CB6-8604-440E-B12C-36C7F869732E}"
EndProject
Project("{FAE04EC0-301F-11D3-BF4B-00C04F79EFBC}") = "Domain", "Domain\Domain.csproj", "{8099A32F-A687-4A38-93CE-39A3D1E6FEF3}"
EndProject
Project("{2150E333-8FDC-42A3-9474-1A3956D46DE8}") = "01 - Services", "01 - Services", "{131773F3-BB0E-4761-AA97-B1FC5F3FA5A2}"
EndProject
Project("{2150E333-8FDC-42A3-9474-1A3956D46DE8}") = "02 - Application", "02 - Application", "{1F6F4150-CCF6-48EC-A48D-D77CB74A21F6}"
EndProject
Project("{2150E333-8FDC-42A3-9474-1A3956D46DE8}") = "03 - Domain", "03 - Domain", "{AB6AF8EC-8AE5-4E9D-ABBD-7F93E63B6EB9}"
EndProject
Project("{2150E333-8FDC-42A3-9474-1A3956D46DE8}") = "04 - Infra", "04 - Infra", "{AB22915D-4935-41E2-BA7E-0E171EC24E83}"
EndProject
Project("{2150E333-8FDC-42A3-9474-1A3956D46DE8}") = "05 - Core", "05 - Core", "{B2D8D2AB-06EC-4606-ACB2-469107CD89A5}"
EndProject
Project("{2150E333-8FDC-42A3-9474-1A3956D46DE8}") = "4.1 - Data", "4.1 - Data", "{624BE75D-4BF9-4F38-AA72-51827CA515D5}"
EndProject
Project("{2150E333-8FDC-42A3-9474-1A3956D46DE8}") = "4.1 - IOC", "4.1 - IOC", "{06E6283B-4308-405E-B1A5-16BCA7D8E500}"
EndProject
Project("{FAE04EC0-301F-11D3-BF4B-00C04F79EFBC}") = "Data", "Data\Data.csproj", "{1C2D04F8-E607-4470-8032-3B34187350E6}"
EndProject
Project("{FAE04EC0-301F-11D3-BF4B-00C04F79EFBC}") = "IOC", "IOC\IOC.csproj", "{CAFC146D-0DCC-43D5-8C6B-22F17248268C}"
EndProject
Project("{FAE04EC0-301F-11D3-BF4B-00C04F79EFBC}") = "Dto", "Dto\Dto.csproj", "{A20244CD-36AA-44FC-B2C1-6D86B3E6EF23}"
EndProject
Global
	GlobalSection(SolutionConfigurationPlatforms) = preSolution
		Debug|Any CPU = Debug|Any CPU
		Release|Any CPU = Release|Any CPU
	EndGlobalSection
	GlobalSection(ProjectConfigurationPlatforms) = postSolution
		{2A54D7AC-1D11-4B23-9CBE-9AE48457B71F}.Debug|Any CPU.ActiveCfg = Debug|Any CPU
		{2A54D7AC-1D11-4B23-9CBE-9AE48457B71F}.Debug|Any CPU.Build.0 = Debug|Any CPU
		{2A54D7AC-1D11-4B23-9CBE-9AE48457B71F}.Release|Any CPU.ActiveCfg = Release|Any CPU
		{2A54D7AC-1D11-4B23-9CBE-9AE48457B71F}.Release|Any CPU.Build.0 = Release|Any CPU
		{3EC66CB6-8604-440E-B12C-36C7F869732E}.Debug|Any CPU.ActiveCfg = Debug|Any CPU
		{3EC66CB6-8604-440E-B12C-36C7F869732E}.Debug|Any CPU.Build.0 = Debug|Any CPU
		{3EC66CB6-8604-440E-B12C-36C7F869732E}.Release|Any CPU.ActiveCfg = Release|Any CPU
		{3EC66CB6-8604-440E-B12C-36C7F869732E}.Release|Any CPU.Build.0 = Release|Any CPU
		{8099A32F-A687-4A38-93CE-39A3D1E6FEF3}.Debug|Any CPU.ActiveCfg = Debug|Any CPU
		{8099A32F-A687-4A38-93CE-39A3D1E6FEF3}.Debug|Any CPU.Build.0 = Debug|Any CPU
		{8099A32F-A687-4A38-93CE-39A3D1E6FEF3}.Release|Any CPU.ActiveCfg = Release|Any CPU
		{8099A32F-A687-4A38-93CE-39A3D1E6FEF3}.Release|Any CPU.Build.0 = Release|Any CPU
		{1C2D04F8-E607-4470-8032-3B34187350E6}.Debug|Any CPU.ActiveCfg = Debug|Any CPU
		{1C2D04F8-E607-4470-8032-3B34187350E6}.Debug|Any CPU.Build.0 = Debug|Any CPU
		{1C2D04F8-E607-4470-8032-3B34187350E6}.Release|Any CPU.ActiveCfg = Release|Any CPU
		{1C2D04F8-E607-4470-8032-3B34187350E6}.Release|Any CPU.Build.0 = Release|Any CPU
		{CAFC146D-0DCC-43D5-8C6B-22F17248268C}.Debug|Any CPU.ActiveCfg = Debug|Any CPU
		{CAFC146D-0DCC-43D5-8C6B-22F17248268C}.Debug|Any CPU.Build.0 = Debug|Any CPU
		{CAFC146D-0DCC-43D5-8C6B-22F17248268C}.Release|Any CPU.ActiveCfg = Release|Any CPU
		{CAFC146D-0DCC-43D5-8C6B-22F17248268C}.Release|Any CPU.Build.0 = Release|Any CPU
		{A20244CD-36AA-44FC-B2C1-6D86B3E6EF23}.Debug|Any CPU.ActiveCfg = Debug|Any CPU
		{A20244CD-36AA-44FC-B2C1-6D86B3E6EF23}.Debug|Any CPU.Build.0 = Debug|Any CPU
		{A20244CD-36AA-44FC-B2C1-6D86B3E6EF23}.Release|Any CPU.ActiveCfg = Release|Any CPU
		{A20244CD-36AA-44FC-B2C1-6D86B3E6EF23}.Release|Any CPU.Build.0 = Release|Any CPU
	EndGlobalSection
	GlobalSection(SolutionProperties) = preSolution
		HideSolutionNode = FALSE
	EndGlobalSection
	GlobalSection(NestedProjects) = preSolution
		{2A54D7AC-1D11-4B23-9CBE-9AE48457B71F} = {131773F3-BB0E-4761-AA97-B1FC5F3FA5A2}
		{3EC66CB6-8604-440E-B12C-36C7F869732E} = {1F6F4150-CCF6-48EC-A48D-D77CB74A21F6}
		{8099A32F-A687-4A38-93CE-39A3D1E6FEF3} = {AB6AF8EC-8AE5-4E9D-ABBD-7F93E63B6EB9}
		{624BE75D-4BF9-4F38-AA72-51827CA515D5} = {AB22915D-4935-41E2-BA7E-0E171EC24E83}
		{06E6283B-4308-405E-B1A5-16BCA7D8E500} = {AB22915D-4935-41E2-BA7E-0E171EC24E83}
		{A20244CD-36AA-44FC-B2C1-6D86B3E6EF23} = {B2D8D2AB-06EC-4606-ACB2-469107CD89A5}
		{1C2D04F8-E607-4470-8032-3B34187350E6} = {624BE75D-4BF9-4F38-AA72-51827CA515D5}
		{CAFC146D-0DCC-43D5-8C6B-22F17248268C} = {06E6283B-4308-405E-B1A5-16BCA7D8E500}
	EndGlobalSection
EndGlobal
